{
  "name": "verifyng-root",
  "version": "1.0.0",
  "lockfileVersion": 3,
  "requires": true,
  "packages": {
    "": {
      "name": "verifyng-root",
      "version": "1.0.0",
      "devDependencies": {
        "@anthropic-ai/claude-code": "^2.1.203"
      }
    },
    "node_modules/@anthropic-ai/claude-code": {
      "version": "2.1.203",
      "resolved": "https://registry.npmjs.org/@anthropic-ai/claude-code/-/claude-code-2.1.203.tgz",
      "integrity": "sha512-X5sAxPpCLLuxo8So9NtI47GzEZtJ7HHtdjZoW3vr59pukSx8s1q39iSNhxw+oumjdQIU8gfIzCsl7CTbPpw3dw==",
      "dev": true,
      "hasInstallScript": true,
      "license": "SEE LICENSE IN README.md",
      "bin": {
        "claude": "bin/claude.exe"
      },
      "engines": {
        "node": ">=22.0.0"
      },
      "optionalDependencies": {
        "@anthropic-ai/claude-code-darwin-arm64": "2.1.203",
        "@anthropic-ai/claude-code-darwin-x64": "2.1.203",
        "@anthropic-ai/claude-code-linux-arm64": "2.1.203",
        "@anthropic-ai/claude-code-linux-arm64-musl": "2.1.203",
        "@anthropic-ai/claude-code-linux-x64": "2.1.203",
        "@anthropic-ai/claude-code-linux-x64-musl": "2.1.203",
        "@anthropic-ai/claude-code-win32-arm64": "2.1.203",
        "@anthropic-ai/claude-code-win32-x64": "2.1.203"
      }
    },
    "node_modules/@anthropic-ai/claude-code-darwin-arm64": {
      "version": "2.1.203",
      "resolved": "https://registry.npmjs.org/@anthropic-ai/claude-code-darwin-arm64/-/claude-code-darwin-arm64-2.1.203.tgz",
      "integrity": "sha512-o4eF1B0u1qJw4TGF6OPO0nrE4+TPuT+hC8aelp7/Fi+d+s3C4DDcoOMafSXBtfxuqoLiqV+xL6q7HmFblvHOCw==",
      "cpu": [
        "arm64"
      ],
      "dev": true,
      "license": "SEE LICENSE IN LICENSE.md",
      "optional": true,
      "os": [
        "darwin"
      ]
    },
    "node_modules/@anthropic-ai/claude-code-darwin-x64": {
      "version": "2.1.203",
      "resolved": "https://registry.npmjs.org/@anthropic-ai/claude-code-darwin-x64/-/claude-code-darwin-x64-2.1.203.tgz",
      "integrity": "sha512-8DGgSh2GkNEnDVectwwQVgG9xthUfGCEzf3gTCJMS9xrVoFoDInXPL7drh1lvCZoy1uO47zitiszyLQzhP6wLA==",
      "cpu": [
        "x64"
      ],
      "dev": true,
      "license": "SEE LICENSE IN LICENSE.md",
      "optional": true,
      "os": [
        "darwin"
      ]
    },
    "node_modules/@anthropic-ai/claude-code-linux-arm64": {
      "version": "2.1.203",
      "resolved": "https://registry.npmjs.org/@anthropic-ai/claude-code-linux-arm64/-/claude-code-linux-arm64-2.1.203.tgz",
      "integrity": "sha512-xJKtMGZRG+pe2rWV3Ozg9vi9pyWnbcMoLUlxxou/4mthp7w0g6r51SyKDbJMKh/cuzIYT69A/Tb6hIqqPqYZWQ==",
      "cpu": [
        "arm64"
      ],
      "dev": true,
      "libc": [
        "glibc"
      ],
      "license": "SEE LICENSE IN LICENSE.md",
      "optional": true,
      "os": [
        "linux"
      ]
    },
    "node_modules/@anthropic-ai/claude-code-linux-arm64-musl": {
      "version": "2.1.203",
      "resolved": "https://registry.npmjs.org/@anthropic-ai/claude-code-linux-arm64-musl/-/claude-code-linux-arm64-musl-2.1.203.tgz",
      "integrity": "sha512-gFoIn4i4TRX6DjcYvyCzIa45vdMVs3KXJEcz1rZ18zDNcB2aY3qJYybnqwXZVgtprvvIm7J9UJVecqabwriaZQ==",
      "cpu": [
        "arm64"
      ],
      "dev": true,
      "libc": [
        "musl"
      ],
      "license": "SEE LICENSE IN LICENSE.md",
      "optional": true,
      "os": [
        "linux"
      ]
    },
    "node_modules/@anthropic-ai/claude-code-linux-x64": {
      "version": "2.1.203",
      "resolved": "https://registry.npmjs.org/@anthropic-ai/claude-code-linux-x64/-/claude-code-linux-x64-2.1.203.tgz",
      "integrity": "sha512-xiDCkvoT4Ti6dRgeIgyIU21zQDbAF0zLGFFsrrQmlKXjNdv+ol1hY7DYYyG3//uXJmx/emJeT6iQ6EVmMIL6Mw==",
      "cpu": [
        "x64"
      ],
      "dev": true,
      "libc": [
        "glibc"
      ],
      "license": "SEE LICENSE IN LICENSE.md",
      "optional": true,
      "os": [
        "linux"
      ]
    },
    "node_modules/@anthropic-ai/claude-code-linux-x64-musl": {
      "version": "2.1.203",
      "resolved": "https://registry.npmjs.org/@anthropic-ai/claude-code-linux-x64-musl/-/claude-code-linux-x64-musl-2.1.203.tgz",
      "integrity": "sha512-jC1N1GllORjOOGmRlLC3HAb6UDXbioyRy0dHinlRHikINJB3fyScPu3xEaGCAI7UsiRy0WpN3hRWkDhd2xC2Ow==",
      "cpu": [
        "x64"
      ],
      "dev": true,
      "libc": [
        "musl"
      ],
      "license": "SEE LICENSE IN LICENSE.md",
      "optional": true,
      "os": [
        "linux"
      ]
    },
    "node_modules/@anthropic-ai/claude-code-win32-arm64": {
      "version": "2.1.203",
      "resolved": "https://registry.npmjs.org/@anthropic-ai/claude-code-win32-arm64/-/claude-code-win32-arm64-2.1.203.tgz",
      "integrity": "sha512-OuCR78Kh+tZTIY+SwL+yH9eXh+BKKFluM3vi7eafpZWb4MoRhqVDb2Y/ZbuufWuH+Ht+W+3o1atVk9LBig2tFQ==",
      "cpu": [
        "arm64"
      ],
      "dev": true,
      "license": "SEE LICENSE IN LICENSE.md",
      "optional": true,
      "os": [
        "win32"
      ]
    },
    "node_modules/@anthropic-ai/claude-code-win32-x64": {
      "version": "2.1.203",
      "resolved": "https://registry.npmjs.org/@anthropic-ai/claude-code-win32-x64/-/claude-code-win32-x64-2.1.203.tgz",
      "integrity": "sha512-avJDp23I0BfY/dVeBFKBbuX3xHUcaWg5VCXaIL4IIm2WKqfFDXeCdDGTfV6dxPqM9f0sQ+kd1JDkbOzwnRLTQw==",
      "cpu": [
        "x64"
      ],
      "dev": true,
      "license": "SEE LICENSE IN LICENSE.md",
      "optional": true,
      "os": [
        "win32"
      ]
    }
  }
}
